
Microsoft Visual Studio Solution File, Format Version 12.00
# Visual Studio Version 16
VisualStudioVersion = 16.0.32413.511
MinimumVisualStudioVersion = 10.0.40219.1
Project("{FAE04EC0-301F-11D3-BF4B-00C04F79EFBC}") = "FilesWPF", "FilesWPF\FilesWPF.csproj", "{63BEB52D-2E3C-4CDE-9736-A00BFC3A2146}"
EndProject
Global
	GlobalSection(SolutionConfigurationPlatforms) = preSolution
		Debug|Any CPU = Debug|Any CPU
		Release|Any CPU = Release|Any CPU
	EndGlobalSection
	GlobalSection(ProjectConfigurationPlatforms) = postSolution
		{63BEB52D-2E3C-4CDE-9736-A00BFC3A2146}.Debug|Any CPU.ActiveCfg = Debug|Any CPU
		{63BEB52D-2E3C-4CDE-9736-A00BFC3A2146}.Debug|Any CPU.Build.0 = Debug|Any CPU
		{63BEB52D-2E3C-4CDE-9736-A00BFC3A2146}.Release|Any CPU.ActiveCfg = Release|Any CPU
		{63BEB52D-2E3C-4CDE-9736-A00BFC3A2146}.Release|Any CPU.Build.0 = Release|Any CPU
	EndGlobalSection
	GlobalSection(SolutionProperties) = preSolution
		HideSolutionNode = FALSE
	EndGlobalSection
	GlobalSection(ExtensibilityGlobals) = postSolution
		SolutionGuid = {4ED231C4-5873-4F44-87DD-62351F565ADB}
	EndGlobalSection
EndGlobal
